<?xml version="1.0" encoding="utf-8"?>
<Project ToolsVersion="4.0" xmlns="http://schemas.microsoft.com/developer/msbuild/2003">
  <ItemGroup>
    <Filter Include="Source Files">
      <UniqueIdentifier>{4FC737F1-C7A5-4376-A066-2A32D752A2FF}</UniqueIdentifier>
      <Extensions>cpp;c;cc;cxx;def;odl;idl;hpj;bat;asm;asmx</Extensions>
    </Filter>
    <Filter Include="Header Files">
      <UniqueIdentifier>{93995380-89BD-4b04-88EB-625FBE52EBFB}</UniqueIdentifier>
      <Extensions>h;hpp;hxx;hm;inl;inc;xsd</Extensions>
    </Filter>
    <Filter Include="Resource Files">
      <UniqueIdentifier>{67DA6AB6-F800-4c08-8B7A-83BB121AAD01}</UniqueIdentifier>
      <Extensions>rc;ico;cur;bmp;dlg;rc2;rct;bin;rgs;gif;jpg;jpeg;jpe;resx;tiff;tif;png;wav</Extensions>
    </Filter>
  </ItemGroup>
  <ItemGroup>
    <ClCompile Include="BoundingBox.cpp">
      <Filter>Source Files</Filter>
    </ClCompile>
    <ClCompile Include="Constant.cpp">
      <Filter>Source Files</Filter>
    </ClCompile>
    <ClCompile Include="FileWriter.cpp">
      <Filter>Source Files</Filter>
    </ClCompile>
    <ClCompile Include="Geometry.cpp">
      <Filter>Source Files</Filter>
    </ClCompile>
    <ClCompile Include="HashMap.cpp">
      <Filter>Source Files</Filter>
    </ClCompile>
    <ClCompile Include="main.cpp">
      <Filter>Source Files</Filter>
    </ClCompile>
    <ClCompile Include="MemoryManager.cpp">
      <Filter>Source Files</Filter>
    </ClCompile>
    <ClCompile Include="OcTree.cpp">
      <Filter>Source Files</Filter>
    </ClCompile>
    <ClCompile Include="OcTreeBelong.cpp">
      <Filter>Source Files</Filter>
    </ClCompile>
    <ClCompile Include="OcTreeConstruct.cpp">
      <Filter>Source Files</Filter>
    </ClCompile>
    <ClCompile Include="OcTreeContainCell.cpp">
      <Filter>Source Files</Filter>
    </ClCompile>
    <ClCompile Include="OcTreeContainCheck.cpp">
      <Filter>Source Files</Filter>
    </ClCompile>
    <ClCompile Include="OcTreeContainEdge.cpp">
      <Filter>Source Files</Filter>
    </ClCompile>
    <ClCompile Include="OcTreeContainFace.cpp">
      <Filter>Source Files</Filter>
    </ClCompile>
    <ClCompile Include="OcTreeContainPoint.cpp">
      <Filter>Source Files</Filter>
    </ClCompile>
    <ClCompile Include="OcTreeContouring.cpp">
      <Filter>Source Files</Filter>
    </ClCompile>
    <ClCompile Include="OcTreeDualThin.cpp">
      <Filter>Source Files</Filter>
    </ClCompile>
    <ClCompile Include="OcTreeHelper.cpp">
      <Filter>Source Files</Filter>
    </ClCompile>
    <ClCompile Include="OcTreePrint.cpp">
      <Filter>Source Files</Filter>
    </ClCompile>
    <ClCompile Include="OcTreeRestrict.cpp">
      <Filter>Source Files</Filter>
    </ClCompile>
    <ClCompile Include="OcTreeSketching.cpp">
      <Filter>Source Files</Filter>
    </ClCompile>
    <ClCompile Include="OcTreeThin.cpp">
      <Filter>Source Files</Filter>
    </ClCompile>
    <ClCompile Include="OcTreeThinEx.cpp">
      <Filter>Source Files</Filter>
    </ClCompile>
    <ClCompile Include="OcTreeThinPure.cpp">
      <Filter>Source Files</Filter>
    </ClCompile>
    <ClCompile Include="OcTreeTopology.cpp">
      <Filter>Source Files</Filter>
    </ClCompile>
    <ClCompile Include="OcTreeTraversal.cpp">
      <Filter>Source Files</Filter>
    </ClCompile>
    <ClCompile Include="RenderMesh.cpp">
      <Filter>Source Files</Filter>
    </ClCompile>
    <ClCompile Include="SingleHashMap.cpp">
      <Filter>Source Files</Filter>
    </ClCompile>
    <ClCompile Include="Skeleton.cpp">
      <Filter>Source Files</Filter>
    </ClCompile>
    <ClCompile Include="TimeMeter.cpp">
      <Filter>Source Files</Filter>
    </ClCompile>
    <ClCompile Include="Topomender.cpp">
      <Filter>Source Files</Filter>
    </ClCompile>
    <ClCompile Include="Vector3D.cpp">
      <Filter>Source Files</Filter>
    </ClCompile>
  </ItemGroup>
  <ItemGroup>
    <ClInclude Include="BoundingBox.h">
      <Filter>Header Files</Filter>
    </ClInclude>
    <ClInclude Include="Constant.h">
      <Filter>Header Files</Filter>
    </ClInclude>
    <ClInclude Include="FileWriter.h">
      <Filter>Header Files</Filter>
    </ClInclude>
    <ClInclude Include="Geometry.h">
      <Filter>Header Files</Filter>
    </ClInclude>
    <ClInclude Include="HashMap.h">
      <Filter>Header Files</Filter>
    </ClInclude>
    <ClInclude Include="HashSize.h">
      <Filter>Header Files</Filter>
    </ClInclude>
    <ClInclude Include="Helper.h">
      <Filter>Header Files</Filter>
    </ClInclude>
    <ClInclude Include="MemoryManager.h">
      <Filter>Header Files</Filter>
    </ClInclude>
    <ClInclude Include="OcTree.h">
      <Filter>Header Files</Filter>
    </ClInclude>
    <ClInclude Include="OcTreeSkeleton.h">
      <Filter>Header Files</Filter>
    </ClInclude>
    <ClInclude Include="RegCons.h">
      <Filter>Header Files</Filter>
    </ClInclude>
    <ClInclude Include="Regular.h">
      <Filter>Header Files</Filter>
    </ClInclude>
    <ClInclude Include="RenderMesh.h">
      <Filter>Header Files</Filter>
    </ClInclude>
    <ClInclude Include="resources.h">
      <Filter>Header Files</Filter>
    </ClInclude>
    <ClInclude Include="SingleHashMap.h">
      <Filter>Header Files</Filter>
    </ClInclude>
    <ClInclude Include="Skeleton.h">
      <Filter>Header Files</Filter>
    </ClInclude>
    <ClInclude Include="TimeMeter.h">
      <Filter>Header Files</Filter>
    </ClInclude>
    <ClInclude Include="Topomender.h">
      <Filter>Header Files</Filter>
    </ClInclude>
    <ClInclude Include="Vector3D.h">
      <Filter>Header Files</Filter>
    </ClInclude>
  </ItemGroup>
</Project>